
Microsoft Visual Studio Solution File, Format Version 12.00
# Visual Studio Version 17
VisualStudioVersion = 17.5.33516.290
MinimumVisualStudioVersion = 10.0.40219.1
Project("{FAE04EC0-301F-11D3-BF4B-00C04F79EFBC}") = "Array_Manipulation", "Array_Manipulation\Array_Manipulation.csproj", "{7FA4A46B-2A0C-4A21-950E-7BD2E9C89B5C}"
EndProject
Global
	GlobalSection(SolutionConfigurationPlatforms) = preSolution
		Debug|Any CPU = Debug|Any CPU
		Release|Any CPU = Release|Any CPU
	EndGlobalSection
	GlobalSection(ProjectConfigurationPlatforms) = postSolution
		{7FA4A46B-2A0C-4A21-950E-7BD2E9C89B5C}.Debug|Any CPU.ActiveCfg = Debug|Any CPU
		{7FA4A46B-2A0C-4A21-950E-7BD2E9C89B5C}.Debug|Any CPU.Build.0 = Debug|Any CPU
		{7FA4A46B-2A0C-4A21-950E-7BD2E9C89B5C}.Release|Any CPU.ActiveCfg = Release|Any CPU
		{7FA4A46B-2A0C-4A21-950E-7BD2E9C89B5C}.Release|Any CPU.Build.0 = Release|Any CPU
	EndGlobalSection
	GlobalSection(SolutionProperties) = preSolution
		HideSolutionNode = FALSE
	EndGlobalSection
	GlobalSection(ExtensibilityGlobals) = postSolution
		SolutionGuid = {8917F4E9-3D92-43E6-9AD7-DB151F71A5C1}
	EndGlobalSection
EndGlobal
